// !$*UTF8*$!
{
	archiveVersion = 1;
	classes = {
	};
	objectVersion = 56;
	objects = {

/* Begin PBXBuildFile section */
		9B855DF229407DB000EE8490 /* Base.lproj in Resources */ = {isa = PBXBuildFile; fileRef = 9B855DF129407DB000EE8490 /* Base.lproj */; };
		9B855DF729407DD500EE8490 /* LaunchScreen.storyboard in Resources */ = {isa = PBXBuildFile; fileRef = 9B855DF329407DD500EE8490 /* LaunchScreen.storyboard */; };
		9B855DF829407DD500EE8490 /* Main.storyboard in Resources */ = {isa = PBXBuildFile; fileRef = 9B855DF529407DD500EE8490 /* Main.storyboard */; };
		9B9499E52941E2670081391B /* Assets.xcassets in Resources */ = {isa = PBXBuildFile; fileRef = 9B9499E42941E2670081391B /* Assets.xcassets */; };
		9B9499E72941E2EA0081391B /* AppDelegate.swift in Sources */ = {isa = PBXBuildFile; fileRef = 9B9499E62941E2EA0081391B /* AppDelegate.swift */; };
		9B9499E92941E3730081391B /* HomePageViewController.swift in Sources */ = {isa = PBXBuildFile; fileRef = 9B9499E82941E3730081391B /* HomePageViewController.swift */; };
		9B9499EB2941E3C60081391B /* CalendarViewController.swift in Sources */ = {isa = PBXBuildFile; fileRef = 9B9499EA2941E3C60081391B /* CalendarViewController.swift */; };
		9B9499ED2941E42E0081391B /* MusicGameViewController.swift in Sources */ = {isa = PBXBuildFile; fileRef = 9B9499EC2941E42E0081391B /* MusicGameViewController.swift */; };
		9B9499EF2941E43C0081391B /* MusicTuningViewController.swift in Sources */ = {isa = PBXBuildFile; fileRef = 9B9499EE2941E43C0081391B /* MusicTuningViewController.swift */; };
		9B9499F22941E4780081391B /* WaveViewController.swift in Sources */ = {isa = PBXBuildFile; fileRef = 9B9499F02941E4780081391B /* WaveViewController.swift */; };
		9B9499F52941E52E0081391B /* SignInPageViewController.swift in Sources */ = {isa = PBXBuildFile; fileRef = 9B9499F42941E52E0081391B /* SignInPageViewController.swift */; };
		9BC59A2729406E650059F8B7 /* SceneDelegate.swift in Sources */ = {isa = PBXBuildFile; fileRef = 9BC59A2629406E650059F8B7 /* SceneDelegate.swift */; };
/* End PBXBuildFile section */

/* Begin PBXFileReference section */
		9B0C254A2956DB32005E5D3C /* MusicCalmMac.entitlements */ = {isa = PBXFileReference; lastKnownFileType = text.plist.entitlements; path = MusicCalmMac.entitlements; sourceTree = "<group>"; };
		9B6D48362957C0A700550264 /* readme_COYOTE.rtf */ = {isa = PBXFileReference; lastKnownFileType = text.rtf; path = readme_COYOTE.rtf; sourceTree = "<group>"; };
		9B6D48372957C0A700550264 /* Coyote-SemiBoldDEMO.otf */ = {isa = PBXFileReference; lastKnownFileType = file; path = "Coyote-SemiBoldDEMO.otf"; sourceTree = "<group>"; };
		9B6D48382957C0A700550264 /* Coyote-SemiBoldDEMO.ttf */ = {isa = PBXFileReference; lastKnownFileType = file; path = "Coyote-SemiBoldDEMO.ttf"; sourceTree = "<group>"; };
		9B6D48392957C0A700550264 /* license_COYOTE.rtf */ = {isa = PBXFileReference; lastKnownFileType = text.rtf; path = license_COYOTE.rtf; sourceTree = "<group>"; };
		9B6D483A2957C0A700550264 /* coyote_header.png */ = {isa = PBXFileReference; lastKnownFileType = image.png; path = coyote_header.png; sourceTree = "<group>"; };
		9B855DF129407DB000EE8490 /* Base.lproj */ = {isa = PBXFileReference; lastKnownFileType = folder; path = Base.lproj; sourceTree = "<group>"; };
		9B855DF429407DD500EE8490 /* Base */ = {isa = PBXFileReference; lastKnownFileType = file.storyboard; name = Base; path = Base.lproj/LaunchScreen.storyboard; sourceTree = "<group>"; };
		9B855DF629407DD500EE8490 /* Base */ = {isa = PBXFileReference; lastKnownFileType = file.storyboard; name = Base; path = Base.lproj/Main.storyboard; sourceTree = "<group>"; };
		9B9499E42941E2670081391B /* Assets.xcassets */ = {isa = PBXFileReference; lastKnownFileType = folder.assetcatalog; path = Assets.xcassets; sourceTree = "<group>"; };
		9B9499E62941E2EA0081391B /* AppDelegate.swift */ = {isa = PBXFileReference; fileEncoding = 4; lastKnownFileType = sourcecode.swift; path = AppDelegate.swift; sourceTree = "<group>"; };
		9B9499E82941E3730081391B /* HomePageViewController.swift */ = {isa = PBXFileReference; fileEncoding = 4; lastKnownFileType = sourcecode.swift; path = HomePageViewController.swift; sourceTree = "<group>"; };
		9B9499EA2941E3C60081391B /* CalendarViewController.swift */ = {isa = PBXFileReference; fileEncoding = 4; lastKnownFileType = sourcecode.swift; path = CalendarViewController.swift; sourceTree = "<group>"; };
		9B9499EC2941E42E0081391B /* MusicGameViewController.swift */ = {isa = PBXFileReference; fileEncoding = 4; lastKnownFileType = sourcecode.swift; path = MusicGameViewController.swift; sourceTree = "<group>"; };
		9B9499EE2941E43C0081391B /* MusicTuningViewController.swift */ = {isa = PBXFileReference; fileEncoding = 4; lastKnownFileType = sourcecode.swift; path = MusicTuningViewController.swift; sourceTree = "<group>"; };
		9B9499F02941E4780081391B /* WaveViewController.swift */ = {isa = PBXFileReference; fileEncoding = 4; lastKnownFileType = sourcecode.swift; path = WaveViewController.swift; sourceTree = "<group>"; };
		9B9499F42941E52E0081391B /* SignInPageViewController.swift */ = {isa = PBXFileReference; lastKnownFileType = sourcecode.swift; path = SignInPageViewController.swift; sourceTree = "<group>"; };
		9BC59A2129406E650059F8B7 /* MusicCalmMac.app */ = {isa = PBXFileReference; explicitFileType = wrapper.application; includeInIndex = 0; path = MusicCalmMac.app; sourceTree = BUILT_PRODUCTS_DIR; };
		9BC59A2629406E650059F8B7 /* SceneDelegate.swift */ = {isa = PBXFileReference; lastKnownFileType = sourcecode.swift; path = SceneDelegate.swift; sourceTree = "<group>"; };
		9BC59A3229406E670059F8B7 /* Info.plist */ = {isa = PBXFileReference; lastKnownFileType = text.plist.xml; path = Info.plist; sourceTree = "<group>"; };
/* End PBXFileReference section */

/* Begin PBXFrameworksBuildPhase section */
		9BC59A1E29406E650059F8B7 /* Frameworks */ = {
			isa = PBXFrameworksBuildPhase;
			buildActionMask = 2147483647;
			files = (
			);
			runOnlyForDeploymentPostprocessing = 0;
		};
/* End PBXFrameworksBuildPhase section */

/* Begin PBXGroup section */
		9B6D48352957C0A700550264 /* coyote */ = {
			isa = PBXGroup;
			children = (
				9B6D48362957C0A700550264 /* readme_COYOTE.rtf */,
				9B6D48372957C0A700550264 /* Coyote-SemiBoldDEMO.otf */,
				9B6D48382957C0A700550264 /* Coyote-SemiBoldDEMO.ttf */,
				9B6D48392957C0A700550264 /* license_COYOTE.rtf */,
				9B6D483A2957C0A700550264 /* coyote_header.png */,
			);
			path = coyote;
			sourceTree = "<group>";
		};
		9BC59A1829406E650059F8B7 = {
			isa = PBXGroup;
			children = (
				9BC59A2329406E650059F8B7 /* MusicCalmMac */,
				9BC59A2229406E650059F8B7 /* Products */,
			);
			sourceTree = "<group>";
		};
		9BC59A2229406E650059F8B7 /* Products */ = {
			isa = PBXGroup;
			children = (
				9BC59A2129406E650059F8B7 /* MusicCalmMac.app */,
			);
			name = Products;
			sourceTree = "<group>";
		};
		9BC59A2329406E650059F8B7 /* MusicCalmMac */ = {
			isa = PBXGroup;
			children = (
				9B0C254A2956DB32005E5D3C /* MusicCalmMac.entitlements */,
				9BC59A2629406E650059F8B7 /* SceneDelegate.swift */,
				9B9499E42941E2670081391B /* Assets.xcassets */,
				9B9499E82941E3730081391B /* HomePageViewController.swift */,
				9B9499E62941E2EA0081391B /* AppDelegate.swift */,
				9B9499EA2941E3C60081391B /* CalendarViewController.swift */,
				9B9499EC2941E42E0081391B /* MusicGameViewController.swift */,
				9B9499EE2941E43C0081391B /* MusicTuningViewController.swift */,
				9B9499F42941E52E0081391B /* SignInPageViewController.swift */,
				9B9499F02941E4780081391B /* WaveViewController.swift */,
				9B6D48352957C0A700550264 /* coyote */,
				9B855DF129407DB000EE8490 /* Base.lproj */,
				9B855DF529407DD500EE8490 /* Main.storyboard */,
				9B855DF329407DD500EE8490 /* LaunchScreen.storyboard */,
				9BC59A3229406E670059F8B7 /* Info.plist */,
			);
			path = MusicCalmMac;
			sourceTree = "<group>";
		};
/* End PBXGroup section */

/* Begin PBXNativeTarget section */
		9BC59A2029406E650059F8B7 /* MusicCalmMac */ = {
			isa = PBXNativeTarget;
			buildConfigurationList = 9BC59A3529406E670059F8B7 /* Build configuration list for PBXNativeTarget "MusicCalmMac" */;
			buildPhases = (
				9BC59A1D29406E650059F8B7 /* Sources */,
				9BC59A1E29406E650059F8B7 /* Frameworks */,
				9BC59A1F29406E650059F8B7 /* Resources */,
			);
			buildRules = (
			);
			dependencies = (
			);
			name = MusicCalmMac;
			productName = MusicCalmMac;
			productReference = 9BC59A2129406E650059F8B7 /* MusicCalmMac.app */;
			productType = "com.apple.product-type.application";
		};
/* End PBXNativeTarget section */

/* Begin PBXProject section */
		9BC59A1929406E650059F8B7 /* Project object */ = {
			isa = PBXProject;
			attributes = {
				BuildIndependentTargetsInParallel = 1;
				LastSwiftUpdateCheck = 1410;
				LastUpgradeCheck = 1410;
				TargetAttributes = {
					9BC59A2029406E650059F8B7 = {
						CreatedOnToolsVersion = 14.1;
					};
				};
			};
			buildConfigurationList = 9BC59A1C29406E650059F8B7 /* Build configuration list for PBXProject "MusicCalmMac" */;
			compatibilityVersion = "Xcode 14.0";
			developmentRegion = en;
			hasScannedForEncodings = 0;
			knownRegions = (
				en,
				Base,
			);
			mainGroup = 9BC59A1829406E650059F8B7;
			productRefGroup = 9BC59A2229406E650059F8B7 /* Products */;
			projectDirPath = "";
			projectRoot = "";
			targets = (
				9BC59A2029406E650059F8B7 /* MusicCalmMac */,
			);
		};
/* End PBXProject section */

/* Begin PBXResourcesBuildPhase section */
		9BC59A1F29406E650059F8B7 /* Resources */ = {
			isa = PBXResourcesBuildPhase;
			buildActionMask = 2147483647;
			files = (
				9B855DF829407DD500EE8490 /* Main.storyboard in Resources */,
				9B855DF729407DD500EE8490 /* LaunchScreen.storyboard in Resources */,
				9B855DF229407DB000EE8490 /* Base.lproj in Resources */,
				9B9499E52941E2670081391B /* Assets.xcassets in Resources */,
			);
			runOnlyForDeploymentPostprocessing = 0;
		};
/* End PBXResourcesBuildPhase section */

/* Begin PBXSourcesBuildPhase section */
		9BC59A1D29406E650059F8B7 /* Sources */ = {
			isa = PBXSourcesBuildPhase;
			buildActionMask = 2147483647;
			files = (
				9B9499EB2941E3C60081391B /* CalendarViewController.swift in Sources */,
				9B9499E92941E3730081391B /* HomePageViewController.swift in Sources */,
				9B9499E72941E2EA0081391B /* AppDelegate.swift in Sources */,
				9B9499ED2941E42E0081391B /* MusicGameViewController.swift in Sources */,
				9B9499F22941E4780081391B /* WaveViewController.swift in Sources */,
				9B9499F52941E52E0081391B /* SignInPageViewController.swift in Sources */,
				9BC59A2729406E650059F8B7 /* SceneDelegate.swift in Sources */,
				9B9499EF2941E43C0081391B /* MusicTuningViewController.swift in Sources */,
			);
			runOnlyForDeploymentPostprocessing = 0;
		};
/* End PBXSourcesBuildPhase section */

/* Begin PBXVariantGroup section */
		9B855DF329407DD500EE8490 /* LaunchScreen.storyboard */ = {
			isa = PBXVariantGroup;
			children = (
				9B855DF429407DD500EE8490 /* Base */,
			);
			name = LaunchScreen.storyboard;
			sourceTree = "<group>";
		};
		9B855DF529407DD500EE8490 /* Main.storyboard */ = {
			isa = PBXVariantGroup;
			children = (
				9B855DF629407DD500EE8490 /* Base */,
			);
			name = Main.storyboard;
			sourceTree = "<group>";
		};
/* End PBXVariantGroup section */

/* Begin XCBuildConfiguration section */
		9BC59A3329406E670059F8B7 /* Debug */ = {
			isa = XCBuildConfiguration;
			buildSettings = {
				ALWAYS_SEARCH_USER_PATHS = NO;
				CLANG_ANALYZER_NONNULL = YES;
				CLANG_ANALYZER_NUMBER_OBJECT_CONVERSION = YES_AGGRESSIVE;
				CLANG_CXX_LANGUAGE_STANDARD = "gnu++20";
				CLANG_ENABLE_MODULES = YES;
				CLANG_ENABLE_OBJC_ARC = YES;
				CLANG_ENABLE_OBJC_WEAK = YES;
				CLANG_WARN_BLOCK_CAPTURE_AUTORELEASING = YES;
				CLANG_WARN_BOOL_CONVERSION = YES;
				CLANG_WARN_COMMA = YES;
				CLANG_WARN_CONSTANT_CONVERSION = YES;
				CLANG_WARN_DEPRECATED_OBJC_IMPLEMENTATIONS = YES;
				CLANG_WARN_DIRECT_OBJC_ISA_USAGE = YES_ERROR;
				CLANG_WARN_DOCUMENTATION_COMMENTS = YES;
				CLANG_WARN_EMPTY_BODY = YES;
				CLANG_WARN_ENUM_CONVERSION = YES;
				CLANG_WARN_INFINITE_RECURSION = YES;
				CLANG_WARN_INT_CONVERSION = YES;
				CLANG_WARN_NON_LITERAL_NULL_CONVERSION = YES;
				CLANG_WARN_OBJC_IMPLICIT_RETAIN_SELF = YES;
				CLANG_WARN_OBJC_LITERAL_CONVERSION = YES;
				CLANG_WARN_OBJC_ROOT_CLASS = YES_ERROR;
				CLANG_WARN_QUOTED_INCLUDE_IN_FRAMEWORK_HEADER = YES;
				CLANG_WARN_RANGE_LOOP_ANALYSIS = YES;
				CLANG_WARN_STRICT_PROTOTYPES = YES;
				CLANG_WARN_SUSPICIOUS_MOVE = YES;
				CLANG_WARN_UNGUARDED_AVAILABILITY = YES_AGGRESSIVE;
				CLANG_WARN_UNREACHABLE_CODE = YES;
				CLANG_WARN__DUPLICATE_METHOD_MATCH = YES;
				COPY_PHASE_STRIP = NO;
				DEBUG_INFORMATION_FORMAT = dwarf;
				ENABLE_STRICT_OBJC_MSGSEND = YES;
				ENABLE_TESTABILITY = YES;
				GCC_C_LANGUAGE_STANDARD = gnu11;
				GCC_DYNAMIC_NO_PIC = NO;
				GCC_NO_COMMON_BLOCKS = YES;
				GCC_OPTIMIZATION_LEVEL = 0;
				GCC_PREPROCESSOR_DEFINITIONS = (
					"DEBUG=1",
					"$(inherited)",
				);
				GCC_WARN_64_TO_32_BIT_CONVERSION = YES;
				GCC_WARN_ABOUT_RETURN_TYPE = YES_ERROR;
				GCC_WARN_UNDECLARED_SELECTOR = YES;
				GCC_WARN_UNINITIALIZED_AUTOS = YES_AGGRESSIVE;
				GCC_WARN_UNUSED_FUNCTION = YES;
				GCC_WARN_UNUSED_VARIABLE = YES;
				IPHONEOS_DEPLOYMENT_TARGET = 16.1;
				MTL_ENABLE_DEBUG_INFO = INCLUDE_SOURCE;
				MTL_FAST_MATH = YES;
				ONLY_ACTIVE_ARCH = YES;
				SDKROOT = iphoneos;
				SWIFT_ACTIVE_COMPILATION_CONDITIONS = DEBUG;
				SWIFT_OPTIMIZATION_LEVEL = "-Onone";
			};
			name = Debug;
		};
		9BC59A3429406E670059F8B7 /* Release */ = {
			isa = XCBuildConfiguration;
			buildSettings = {
				ALWAYS_SEARCH_USER_PATHS = NO;
				CLANG_ANALYZER_NONNULL = YES;
				CLANG_ANALYZER_NUMBER_OBJECT_CONVERSION = YES_AGGRESSIVE;
				CLANG_CXX_LANGUAGE_STANDARD = "gnu++20";
				CLANG_ENABLE_MODULES = YES;
				CLANG_ENABLE_OBJC_ARC = YES;
				CLANG_ENABLE_OBJC_WEAK = YES;
				CLANG_WARN_BLOCK_CAPTURE_AUTORELEASING = YES;
				CLANG_WARN_BOOL_CONVERSION = YES;
				CLANG_WARN_COMMA = YES;
				CLANG_WARN_CONSTANT_CONVERSION = YES;
				CLANG_WARN_DEPRECATED_OBJC_IMPLEMENTATIONS = YES;
				CLANG_WARN_DIRECT_OBJC_ISA_USAGE = YES_ERROR;
				CLANG_WARN_DOCUMENTATION_COMMENTS = YES;
				CLANG_WARN_EMPTY_BODY = YES;
				CLANG_WARN_ENUM_CONVERSION = YES;
				CLANG_WARN_INFINITE_RECURSION = YES;
				CLANG_WARN_INT_CONVERSION = YES;
				CLANG_WARN_NON_LITERAL_NULL_CONVERSION = YES;
				CLANG_WARN_OBJC_IMPLICIT_RETAIN_SELF = YES;
				CLANG_WARN_OBJC_LITERAL_CONVERSION = YES;
				CLANG_WARN_OBJC_ROOT_CLASS = YES_ERROR;
				CLANG_WARN_QUOTED_INCLUDE_IN_FRAMEWORK_HEADER = YES;
				CLANG_WARN_RANGE_LOOP_ANALYSIS = YES;
				CLANG_WARN_STRICT_PROTOTYPES = YES;
				CLANG_WARN_SUSPICIOUS_MOVE = YES;
				CLANG_WARN_UNGUARDED_AVAILABILITY = YES_AGGRESSIVE;
				CLANG_WARN_UNREACHABLE_CODE = YES;
				CLANG_WARN__DUPLICATE_METHOD_MATCH = YES;
				COPY_PHASE_STRIP = NO;
				DEBUG_INFORMATION_FORMAT = "dwarf-with-dsym";
				ENABLE_NS_ASSERTIONS = NO;
				ENABLE_STRICT_OBJC_MSGSEND = YES;
				GCC_C_LANGUAGE_STANDARD = gnu11;
				GCC_NO_COMMON_BLOCKS = YES;
				GCC_WARN_64_TO_32_BIT_CONVERSION = YES;
				GCC_WARN_ABOUT_RETURN_TYPE = YES_ERROR;
				GCC_WARN_UNDECLARED_SELECTOR = YES;
				GCC_WARN_UNINITIALIZED_AUTOS = YES_AGGRESSIVE;
				GCC_WARN_UNUSED_FUNCTION = YES;
				GCC_WARN_UNUSED_VARIABLE = YES;
				IPHONEOS_DEPLOYMENT_TARGET = 16.1;
				MTL_ENABLE_DEBUG_INFO = NO;
				MTL_FAST_MATH = YES;
				SDKROOT = iphoneos;
				SWIFT_COMPILATION_MODE = wholemodule;
				SWIFT_OPTIMIZATION_LEVEL = "-O";
				VALIDATE_PRODUCT = YES;
			};
			name = Release;
		};
		9BC59A3629406E670059F8B7 /* Debug */ = {
			isa = XCBuildConfiguration;
			buildSettings = {
				ASSETCATALOG_COMPILER_APPICON_NAME = AppIcon;
				ASSETCATALOG_COMPILER_GLOBAL_ACCENT_COLOR_NAME = AccentColor;
				CODE_SIGN_ENTITLEMENTS = MusicCalmMac/MusicCalmMac.entitlements;
				CODE_SIGN_STYLE = Automatic;
				CURRENT_PROJECT_VERSION = 1;
				DEVELOPMENT_TEAM = GZ3DK2QG5C;
				GENERATE_INFOPLIST_FILE = YES;
				INFOPLIST_FILE = MusicCalmMac/Info.plist;
				INFOPLIST_KEY_NSHealthShareUsageDescription = "Access to Health App is recquired to read heart beat";
				INFOPLIST_KEY_NSHealthUpdateUsageDescription = "Access to Health App is recquired to read heart beat";
				INFOPLIST_KEY_UIApplicationSupportsIndirectInputEvents = YES;
				INFOPLIST_KEY_UILaunchStoryboardName = LaunchScreen;
				INFOPLIST_KEY_UIMainStoryboardFile = Main;
				INFOPLIST_KEY_UISupportedInterfaceOrientations_iPad = "UIInterfaceOrientationPortrait UIInterfaceOrientationPortraitUpsideDown UIInterfaceOrientationLandscapeLeft UIInterfaceOrientationLandscapeRight";
				INFOPLIST_KEY_UISupportedInterfaceOrientations_iPhone = "UIInterfaceOrientationPortrait UIInterfaceOrientationLandscapeLeft UIInterfaceOrientationLandscapeRight";
				IPHONEOS_DEPLOYMENT_TARGET = 14.7;
				LD_RUNPATH_SEARCH_PATHS = (
					"$(inherited)",
					"@executable_path/Frameworks",
				);
				MARKETING_VERSION = 1.0;
				PRODUCT_BUNDLE_IDENTIFIER = music.calm.nithya.lahari.heartbeat;
				PRODUCT_NAME = "$(TARGET_NAME)";
				SWIFT_EMIT_LOC_STRINGS = YES;
				SWIFT_VERSION = 5.0;
				TARGETED_DEVICE_FAMILY = "1,2";
			};
			name = Debug;
		};
		9BC59A3729406E670059F8B7 /* Release */ = {
			isa = XCBuildConfiguration;
			buildSettings = {
				ASSETCATALOG_COMPILER_APPICON_NAME = AppIcon;
				ASSETCATALOG_COMPILER_GLOBAL_ACCENT_COLOR_NAME = AccentColor;
				CODE_SIGN_ENTITLEMENTS = MusicCalmMac/MusicCalmMac.entitlements;
				CODE_SIGN_STYLE = Automatic;
				CURRENT_PROJECT_VERSION = 1;
				DEVELOPMENT_TEAM = GZ3DK2QG5C;
				GENERATE_INFOPLIST_FILE = YES;
				INFOPLIST_FILE = MusicCalmMac/Info.plist;
				INFOPLIST_KEY_NSHealthShareUsageDescription = "Access to Health App is recquired to read heart beat";
				INFOPLIST_KEY_NSHealthUpdateUsageDescription = "Access to Health App is recquired to read heart beat";
				INFOPLIST_KEY_UIApplicationSupportsIndirectInputEvents = YES;
				INFOPLIST_KEY_UILaunchStoryboardName = LaunchScreen;
				INFOPLIST_KEY_UIMainStoryboardFile = Main;
				INFOPLIST_KEY_UISupportedInterfaceOrientations_iPad = "UIInterfaceOrientationPortrait UIInterfaceOrientationPortraitUpsideDown UIInterfaceOrientationLandscapeLeft UIInterfaceOrientationLandscapeRight";
				INFOPLIST_KEY_UISupportedInterfaceOrientations_iPhone = "UIInterfaceOrientationPortrait UIInterfaceOrientationLandscapeLeft UIInterfaceOrientationLandscapeRight";
				IPHONEOS_DEPLOYMENT_TARGET = 14.7;
				LD_RUNPATH_SEARCH_PATHS = (
					"$(inherited)",
					"@executable_path/Frameworks",
				);
				MARKETING_VERSION = 1.0;
				PRODUCT_BUNDLE_IDENTIFIER = music.calm.nithya.lahari.heartbeat;
				PRODUCT_NAME = "$(TARGET_NAME)";
				SWIFT_EMIT_LOC_STRINGS = YES;
				SWIFT_VERSION = 5.0;
				TARGETED_DEVICE_FAMILY = "1,2";
			};
			name = Release;
		};
/* End XCBuildConfiguration section */

/* Begin XCConfigurationList section */
		9BC59A1C29406E650059F8B7 /* Build configuration list for PBXProject "MusicCalmMac" */ = {
			isa = XCConfigurationList;
			buildConfigurations = (
				9BC59A3329406E670059F8B7 /* Debug */,
				9BC59A3429406E670059F8B7 /* Release */,
			);
			defaultConfigurationIsVisible = 0;
			defaultConfigurationName = Release;
		};
		9BC59A3529406E670059F8B7 /* Build configuration list for PBXNativeTarget "MusicCalmMac" */ = {
			isa = XCConfigurationList;
			buildConfigurations = (
				9BC59A3629406E670059F8B7 /* Debug */,
				9BC59A3729406E670059F8B7 /* Release */,
			);
			defaultConfigurationIsVisible = 0;
			defaultConfigurationName = Release;
		};
/* End XCConfigurationList section */
	};
	rootObject = 9BC59A1929406E650059F8B7 /* Project object */;
}
